github.com/CharlesMod/wasp v0.0.0-20261009194201-96ee74febbd8 h1:rCAO6L5Z6eTeWpDrgIRvuWu+jj8ahjyhX/WH3SlOggU=
github.com/CharlesMod/wasp v0.0.0-20261009194201-96ee74febbd8/go.mod h1:JQGHAv2OYoi3zaceo/FmbTcOxZaN4yA2yDKMIyWHmSk=
github.com/CharlesMod/wasp v0.0.0-20261009201223-2c01440760a0 h1:Ck0OYZvr0bW1mGHyCpf6iIaXYnCNdgMjz9AhsStb9GE=
github.com/CharlesMod/wasp v0.0.0-20261009201223-2c01440760a0/go.mod h1:JQGHAv2OYoi3zaceo/FmbTcOxZaN4yA2yDKMIyWHmSk=
