github.com/CharlesMod/wasp v0.0.0-20261009215554-16129bb4ab2c h1:98BgRMWdy7TpY/VSxX2rT4i3QxJldFrDQGJbqKznFT4=
github.com/CharlesMod/wasp v0.0.0-20261009215554-16129bb4ab2c/go.mod h1:JQGHAv2OYoi3zaceo/FmbTcOxZaN4yA2yDKMIyWHmSk=
github.com/CharlesMod/wasp v0.0.0-20261009220821-2ce3eca42f71 h1:zeswNHzSP38yPfuT0Jf/U7u/rJlxb/tF2cfV3CN8RqE=
github.com/CharlesMod/wasp v0.0.0-20261009220821-2ce3eca42f71/go.mod h1:JQGHAv2OYoi3zaceo/FmbTcOxZaN4yA2yDKMIyWHmSk=
