github.com/CharlesMod/wasp v0.0.0-20261009194201-96ee74febbd8 h1:rCAO6L5Z6eTeWpDrgIRvuWu+jj8ahjyhX/WH3SlOggU=
github.com/CharlesMod/wasp v0.0.0-20261009194201-96ee74febbd8/go.mod h1:JQGHAv2OYoi3zaceo/FmbTcOxZaN4yA2yDKMIyWHmSk=
github.com/CharlesMod/wasp v0.0.0-20261009201223-2c01440760a0 h1:Ck0OYZvr0bW1mGHyCpf6iIaXYnCNdgMjz9AhsStb9GE=
github.com/CharlesMod/wasp v0.0.0-20261009201223-2c01440760a0/go.mod h1:JQGHAv2OYoi3zaceo/FmbTcOxZaN4yA2yDKMIyWHmSk=
github.com/CharlesMod/wasp v0.0.0-20261009202616-1df91a484243 h1:BirPWOVNa60SLKIbsT6OhWJ6Snkn+6HLiWnJhq8Emw8=
github.com/CharlesMod/wasp v0.0.0-20261009202616-1df91a484243/go.mod h1:JQGHAv2OYoi3zaceo/FmbTcOxZaN4yA2yDKMIyWHmSk=
github.com/CharlesMod/wasp v0.0.0-20261009204619-6b92f718dd22 h1:8qNmKmrocb5SLQgn+AHb3egqYpX7PN+CuTdDevvxJa0=
github.com/CharlesMod/wasp v0.0.0-20261009204619-6b92f718dd22/go.mod h1:JQGHAv2OYoi3zaceo/FmbTcOxZaN4yA2yDKMIyWHmSk=
